<?xml version="1.0" encoding="utf-8"?>
<Project ToolsVersion="4.0" xmlns="http://schemas.microsoft.com/developer/msbuild/2003">
  <ItemGroup>
    <Filter Include="Source Files">
      <UniqueIdentifier>{4FC737F1-C7A5-4376-A066-2A32D752A2FF}</UniqueIdentifier>
      <Extensions>cpp;c;cc;cxx;c++;cppm;ixx;def;odl;idl;hpj;bat;asm;asmx</Extensions>
    </Filter>
    <Filter Include="Header Files">
      <UniqueIdentifier>{93995380-89BD-4b04-88EB-625FBE52EBFB}</UniqueIdentifier>
      <Extensions>h;hh;hpp;hxx;h++;hm;inl;inc;ipp;xsd</Extensions>
    </Filter>
    <Filter Include="Resource Files">
      <UniqueIdentifier>{67DA6AB6-F800-4c08-8B7A-83BB121AAD01}</UniqueIdentifier>
      <Extensions>rc;ico;cur;bmp;dlg;rc2;rct;bin;rgs;gif;jpg;jpeg;jpe;resx;tiff;tif;png;wav;mfcribbon-ms</Extensions>
    </Filter>
    <Filter Include="Resource Files\DSDK">
      <UniqueIdentifier>{6cbcaa3a-8af9-40cd-b7b1-25a09a72ac59}</UniqueIdentifier>
    </Filter>
  </ItemGroup>
  <ItemGroup>
    <ClCompile Include="CTDL-GT_QuanLyDiemSinhVien.cpp">
      <Filter>Source Files</Filter>
    </ClCompile>
  </ItemGroup>
  <ItemGroup>
    <ClInclude Include="struct.h">
      <Filter>Header Files</Filter>
    </ClInclude>
    <ClInclude Include="mylib.h">
      <Filter>Header Files</Filter>
    </ClInclude>
    <ClInclude Include="helper-functions.h">
      <Filter>Header Files</Filter>
    </ClInclude>
  </ItemGroup>
  <ItemGroup>
    <Text Include="..\..\quanlysinhvien-master\quanlysinhvien-master\data\DSLOPTC.txt">
      <Filter>Resource Files</Filter>
    </Text>
    <Text Include="..\..\quanlysinhvien-master\quanlysinhvien-master\data\DSMH.TXT">
      <Filter>Resource Files</Filter>
    </Text>
    <Text Include="..\..\quanlysinhvien-master\quanlysinhvien-master\data\DSSV.txt">
      <Filter>Resource Files</Filter>
    </Text>
    <Text Include="..\..\quanlysinhvien-master\quanlysinhvien-master\data\DSDK\1.txt">
      <Filter>Resource Files\DSDK</Filter>
    </Text>
    <Text Include="..\..\quanlysinhvien-master\quanlysinhvien-master\data\DSDK\2.txt">
      <Filter>Resource Files\DSDK</Filter>
    </Text>
    <Text Include="..\..\quanlysinhvien-master\quanlysinhvien-master\data\DSDK\3.txt">
      <Filter>Resource Files\DSDK</Filter>
    </Text>
    <Text Include="..\..\quanlysinhvien-master\quanlysinhvien-master\data\DSDK\4.txt">
      <Filter>Resource Files\DSDK</Filter>
    </Text>
    <Text Include="..\..\quanlysinhvien-master\quanlysinhvien-master\data\DSDK\5.txt">
      <Filter>Resource Files\DSDK</Filter>
    </Text>
    <Text Include="..\..\quanlysinhvien-master\quanlysinhvien-master\data\DSDK\6.txt">
      <Filter>Resource Files\DSDK</Filter>
    </Text>
    <Text Include="..\..\quanlysinhvien-master\quanlysinhvien-master\data\DSDK\7.txt">
      <Filter>Resource Files\DSDK</Filter>
    </Text>
    <Text Include="..\..\quanlysinhvien-master\quanlysinhvien-master\data\DSDK\8.txt">
      <Filter>Resource Files\DSDK</Filter>
    </Text>
    <Text Include="..\..\quanlysinhvien-master\quanlysinhvien-master\data\DSDK\9.txt">
      <Filter>Resource Files\DSDK</Filter>
    </Text>
    <Text Include="..\..\quanlysinhvien-master\quanlysinhvien-master\data\DSDK\10.txt">
      <Filter>Resource Files\DSDK</Filter>
    </Text>
    <Text Include="..\..\quanlysinhvien-master\quanlysinhvien-master\data\DSDK\11.txt">
      <Filter>Resource Files\DSDK</Filter>
    </Text>
    <Text Include="..\..\quanlysinhvien-master\quanlysinhvien-master\data\DSDK\12.txt">
      <Filter>Resource Files\DSDK</Filter>
    </Text>
  </ItemGroup>
</Project>